// !$*UTF8*$!
{
	archiveVersion = 1;
	classes = {
	};
	objectVersion = 77;
	objects = {

/* Begin PBXBuildFile section */
		4F95C6562DA30C7F00839484 /* WidgetKit.framework in Frameworks */ = {isa = PBXBuildFile; fileRef = 4F95C6552DA30C7F00839484 /* WidgetKit.framework */; };
		4F95C6582DA30C7F00839484 /* SwiftUI.framework in Frameworks */ = {isa = PBXBuildFile; fileRef = 4F95C6572DA30C7F00839484 /* SwiftUI.framework */; };
		4F95C6692DA30C8100839484 /* StudyTimerWidgetExtensionExtension.appex in Embed Foundation Extensions */ = {isa = PBXBuildFile; fileRef = 4F95C6532DA30C7F00839484 /* StudyTimerWidgetExtensionExtension.appex */; settings = {ATTRIBUTES = (RemoveHeadersOnCopy, ); }; };
		4F95C6792DA316B100839484 /* Bit.entitlements in Sources */ = {isa = PBXBuildFile; fileRef = 4F95C6782DA316AA00839484 /* Bit.entitlements */; };
/* End PBXBuildFile section */

/* Begin PBXContainerItemProxy section */
		4F95C6672DA30C8100839484 /* PBXContainerItemProxy */ = {
			isa = PBXContainerItemProxy;
			containerPortal = 4FEA9AF42D8E205B00D8B37B /* Project object */;
			proxyType = 1;
			remoteGlobalIDString = 4F95C6522DA30C7F00839484;
			remoteInfo = StudyTimerWidgetExtensionExtension;
		};
		4FEA9B0E2D8E205D00D8B37B /* PBXContainerItemProxy */ = {
			isa = PBXContainerItemProxy;
			containerPortal = 4FEA9AF42D8E205B00D8B37B /* Project object */;
			proxyType = 1;
			remoteGlobalIDString = 4FEA9AFB2D8E205B00D8B37B;
			remoteInfo = Cosmos;
		};
		4FEA9B182D8E205D00D8B37B /* PBXContainerItemProxy */ = {
			isa = PBXContainerItemProxy;
			containerPortal = 4FEA9AF42D8E205B00D8B37B /* Project object */;
			proxyType = 1;
			remoteGlobalIDString = 4FEA9AFB2D8E205B00D8B37B;
			remoteInfo = Cosmos;
		};
/* End PBXContainerItemProxy section */

/* Begin PBXCopyFilesBuildPhase section */
		4F95C66A2DA30C8100839484 /* Embed Foundation Extensions */ = {
			isa = PBXCopyFilesBuildPhase;
			buildActionMask = 2147483647;
			dstPath = "";
			dstSubfolderSpec = 13;
			files = (
				4F95C6692DA30C8100839484 /* StudyTimerWidgetExtensionExtension.appex in Embed Foundation Extensions */,
			);
			name = "Embed Foundation Extensions";
			runOnlyForDeploymentPostprocessing = 0;
		};
/* End PBXCopyFilesBuildPhase section */

/* Begin PBXFileReference section */
		4F95C6532DA30C7F00839484 /* StudyTimerWidgetExtensionExtension.appex */ = {isa = PBXFileReference; explicitFileType = "wrapper.app-extension"; includeInIndex = 0; path = StudyTimerWidgetExtensionExtension.appex; sourceTree = BUILT_PRODUCTS_DIR; };
		4F95C6552DA30C7F00839484 /* WidgetKit.framework */ = {isa = PBXFileReference; lastKnownFileType = wrapper.framework; name = WidgetKit.framework; path = System/Library/Frameworks/WidgetKit.framework; sourceTree = SDKROOT; };
		4F95C6572DA30C7F00839484 /* SwiftUI.framework */ = {isa = PBXFileReference; lastKnownFileType = wrapper.framework; name = SwiftUI.framework; path = System/Library/Frameworks/SwiftUI.framework; sourceTree = SDKROOT; };
		4F95C6772DA311D300839484 /* StudyTimerWidgetExtensionExtension.entitlements */ = {isa = PBXFileReference; lastKnownFileType = text.plist.entitlements; path = StudyTimerWidgetExtensionExtension.entitlements; sourceTree = "<group>"; };
		4F95C6782DA316AA00839484 /* Bit.entitlements */ = {isa = PBXFileReference; lastKnownFileType = text.plist.entitlements; path = Bit.entitlements; sourceTree = "<group>"; };
		4FEA9AFC2D8E205B00D8B37B /* Bit.app */ = {isa = PBXFileReference; explicitFileType = wrapper.application; includeInIndex = 0; path = Bit.app; sourceTree = BUILT_PRODUCTS_DIR; };
		4FEA9B0D2D8E205D00D8B37B /* CosmosTests.xctest */ = {isa = PBXFileReference; explicitFileType = wrapper.cfbundle; includeInIndex = 0; path = CosmosTests.xctest; sourceTree = BUILT_PRODUCTS_DIR; };
		4FEA9B172D8E205D00D8B37B /* CosmosUITests.xctest */ = {isa = PBXFileReference; explicitFileType = wrapper.cfbundle; includeInIndex = 0; path = CosmosUITests.xctest; sourceTree = BUILT_PRODUCTS_DIR; };
/* End PBXFileReference section */

/* Begin PBXFileSystemSynchronizedBuildFileExceptionSet section */
		4F95C66E2DA30C8100839484 /* Exceptions for "StudyTimerWidgetExtension" folder in "StudyTimerWidgetExtensionExtension" target */ = {
			isa = PBXFileSystemSynchronizedBuildFileExceptionSet;
			membershipExceptions = (
				Info.plist,
			);
			target = 4F95C6522DA30C7F00839484 /* StudyTimerWidgetExtensionExtension */;
		};
		4F95C6752DA30F4A00839484 /* Exceptions for "Bit" folder in "StudyTimerWidgetExtensionExtension" target */ = {
			isa = PBXFileSystemSynchronizedBuildFileExceptionSet;
			membershipExceptions = (
				Shared/StudyTimerAttributes.swift,
			);
			target = 4F95C6522DA30C7F00839484 /* StudyTimerWidgetExtensionExtension */;
		};
		4FB6D74F2D92335600EE1D10 /* Exceptions for "Bit" folder in "Bit" target */ = {
			isa = PBXFileSystemSynchronizedBuildFileExceptionSet;
			membershipExceptions = (
				Info.plist,
			);
			target = 4FEA9AFB2D8E205B00D8B37B /* Bit */;
		};
/* End PBXFileSystemSynchronizedBuildFileExceptionSet section */

/* Begin PBXFileSystemSynchronizedRootGroup section */
		4F95C6592DA30C7F00839484 /* StudyTimerWidgetExtension */ = {
			isa = PBXFileSystemSynchronizedRootGroup;
			exceptions = (
				4F95C66E2DA30C8100839484 /* Exceptions for "StudyTimerWidgetExtension" folder in "StudyTimerWidgetExtensionExtension" target */,
			);
			path = StudyTimerWidgetExtension;
			sourceTree = "<group>";
		};
		4FEA9AFE2D8E205B00D8B37B /* Bit */ = {
			isa = PBXFileSystemSynchronizedRootGroup;
			exceptions = (
				4FB6D74F2D92335600EE1D10 /* Exceptions for "Bit" folder in "Bit" target */,
				4F95C6752DA30F4A00839484 /* Exceptions for "Bit" folder in "StudyTimerWidgetExtensionExtension" target */,
			);
			path = Bit;
			sourceTree = "<group>";
		};
		4FEA9B102D8E205D00D8B37B /* CosmosTests */ = {
			isa = PBXFileSystemSynchronizedRootGroup;
			path = CosmosTests;
			sourceTree = "<group>";
		};
		4FEA9B1A2D8E205D00D8B37B /* CosmosUITests */ = {
			isa = PBXFileSystemSynchronizedRootGroup;
			path = CosmosUITests;
			sourceTree = "<group>";
		};
/* End PBXFileSystemSynchronizedRootGroup section */

/* Begin PBXFrameworksBuildPhase section */
		4F95C6502DA30C7F00839484 /* Frameworks */ = {
			isa = PBXFrameworksBuildPhase;
			buildActionMask = 2147483647;
			files = (
				4F95C6582DA30C7F00839484 /* SwiftUI.framework in Frameworks */,
				4F95C6562DA30C7F00839484 /* WidgetKit.framework in Frameworks */,
			);
			runOnlyForDeploymentPostprocessing = 0;
		};
		4FEA9AF92D8E205B00D8B37B /* Frameworks */ = {
			isa = PBXFrameworksBuildPhase;
			buildActionMask = 2147483647;
			files = (
			);
			runOnlyForDeploymentPostprocessing = 0;
		};
		4FEA9B0A2D8E205D00D8B37B /* Frameworks */ = {
			isa = PBXFrameworksBuildPhase;
			buildActionMask = 2147483647;
			files = (
			);
			runOnlyForDeploymentPostprocessing = 0;
		};
		4FEA9B142D8E205D00D8B37B /* Frameworks */ = {
			isa = PBXFrameworksBuildPhase;
			buildActionMask = 2147483647;
			files = (
			);
			runOnlyForDeploymentPostprocessing = 0;
		};
/* End PBXFrameworksBuildPhase section */

/* Begin PBXGroup section */
		4F95C6542DA30C7F00839484 /* Frameworks */ = {
			isa = PBXGroup;
			children = (
				4F95C6552DA30C7F00839484 /* WidgetKit.framework */,
				4F95C6572DA30C7F00839484 /* SwiftUI.framework */,
			);
			name = Frameworks;
			sourceTree = "<group>";
		};
		4FEA9AF32D8E205B00D8B37B = {
			isa = PBXGroup;
			children = (
				4F95C6782DA316AA00839484 /* Bit.entitlements */,
				4F95C6772DA311D300839484 /* StudyTimerWidgetExtensionExtension.entitlements */,
				4FEA9AFE2D8E205B00D8B37B /* Bit */,
				4FEA9B102D8E205D00D8B37B /* CosmosTests */,
				4FEA9B1A2D8E205D00D8B37B /* CosmosUITests */,
				4F95C6592DA30C7F00839484 /* StudyTimerWidgetExtension */,
				4F95C6542DA30C7F00839484 /* Frameworks */,
				4FEA9AFD2D8E205B00D8B37B /* Products */,
			);
			sourceTree = "<group>";
		};
		4FEA9AFD2D8E205B00D8B37B /* Products */ = {
			isa = PBXGroup;
			children = (
				4FEA9AFC2D8E205B00D8B37B /* Bit.app */,
				4FEA9B0D2D8E205D00D8B37B /* CosmosTests.xctest */,
				4FEA9B172D8E205D00D8B37B /* CosmosUITests.xctest */,
				4F95C6532DA30C7F00839484 /* StudyTimerWidgetExtensionExtension.appex */,
			);
			name = Products;
			sourceTree = "<group>";
		};
/* End PBXGroup section */

/* Begin PBXNativeTarget section */
		4F95C6522DA30C7F00839484 /* StudyTimerWidgetExtensionExtension */ = {
			isa = PBXNativeTarget;
			buildConfigurationList = 4F95C66D2DA30C8100839484 /* Build configuration list for PBXNativeTarget "StudyTimerWidgetExtensionExtension" */;
			buildPhases = (
				4F95C64F2DA30C7F00839484 /* Sources */,
				4F95C6502DA30C7F00839484 /* Frameworks */,
				4F95C6512DA30C7F00839484 /* Resources */,
			);
			buildRules = (
			);
			dependencies = (
			);
			fileSystemSynchronizedGroups = (
				4F95C6592DA30C7F00839484 /* StudyTimerWidgetExtension */,
			);
			name = StudyTimerWidgetExtensionExtension;
			packageProductDependencies = (
			);
			productName = StudyTimerWidgetExtensionExtension;
			productReference = 4F95C6532DA30C7F00839484 /* StudyTimerWidgetExtensionExtension.appex */;
			productType = "com.apple.product-type.app-extension";
		};
		4FEA9AFB2D8E205B00D8B37B /* Bit */ = {
			isa = PBXNativeTarget;
			buildConfigurationList = 4FEA9B212D8E205D00D8B37B /* Build configuration list for PBXNativeTarget "Bit" */;
			buildPhases = (
				4FEA9AF82D8E205B00D8B37B /* Sources */,
				4FEA9AF92D8E205B00D8B37B /* Frameworks */,
				4FEA9AFA2D8E205B00D8B37B /* Resources */,
				4F95C66A2DA30C8100839484 /* Embed Foundation Extensions */,
			);
			buildRules = (
			);
			dependencies = (
				4F95C6682DA30C8100839484 /* PBXTargetDependency */,
			);
			fileSystemSynchronizedGroups = (
				4FEA9AFE2D8E205B00D8B37B /* Bit */,
			);
			name = Bit;
			packageProductDependencies = (
			);
			productName = Cosmos;
			productReference = 4FEA9AFC2D8E205B00D8B37B /* Bit.app */;
			productType = "com.apple.product-type.application";
		};
		4FEA9B0C2D8E205D00D8B37B /* CosmosTests */ = {
			isa = PBXNativeTarget;
			buildConfigurationList = 4FEA9B242D8E205D00D8B37B /* Build configuration list for PBXNativeTarget "CosmosTests" */;
			buildPhases = (
				4FEA9B092D8E205D00D8B37B /* Sources */,
				4FEA9B0A2D8E205D00D8B37B /* Frameworks */,
				4FEA9B0B2D8E205D00D8B37B /* Resources */,
			);
			buildRules = (
			);
			dependencies = (
				4FEA9B0F2D8E205D00D8B37B /* PBXTargetDependency */,
			);
			fileSystemSynchronizedGroups = (
				4FEA9B102D8E205D00D8B37B /* CosmosTests */,
			);
			name = CosmosTests;
			packageProductDependencies = (
			);
			productName = CosmosTests;
			productReference = 4FEA9B0D2D8E205D00D8B37B /* CosmosTests.xctest */;
			productType = "com.apple.product-type.bundle.unit-test";
		};
		4FEA9B162D8E205D00D8B37B /* CosmosUITests */ = {
			isa = PBXNativeTarget;
			buildConfigurationList = 4FEA9B272D8E205D00D8B37B /* Build configuration list for PBXNativeTarget "CosmosUITests" */;
			buildPhases = (
				4FEA9B132D8E205D00D8B37B /* Sources */,
				4FEA9B142D8E205D00D8B37B /* Frameworks */,
				4FEA9B152D8E205D00D8B37B /* Resources */,
			);
			buildRules = (
			);
			dependencies = (
				4FEA9B192D8E205D00D8B37B /* PBXTargetDependency */,
			);
			fileSystemSynchronizedGroups = (
				4FEA9B1A2D8E205D00D8B37B /* CosmosUITests */,
			);
			name = CosmosUITests;
			packageProductDependencies = (
			);
			productName = CosmosUITests;
			productReference = 4FEA9B172D8E205D00D8B37B /* CosmosUITests.xctest */;
			productType = "com.apple.product-type.bundle.ui-testing";
		};
/* End PBXNativeTarget section */

/* Begin PBXProject section */
		4FEA9AF42D8E205B00D8B37B /* Project object */ = {
			isa = PBXProject;
			attributes = {
				BuildIndependentTargetsInParallel = 1;
				LastSwiftUpdateCheck = 1620;
				LastUpgradeCheck = 1620;
				TargetAttributes = {
					4F95C6522DA30C7F00839484 = {
						CreatedOnToolsVersion = 16.2;
					};
					4FEA9AFB2D8E205B00D8B37B = {
						CreatedOnToolsVersion = 16.2;
					};
					4FEA9B0C2D8E205D00D8B37B = {
						CreatedOnToolsVersion = 16.2;
						TestTargetID = 4FEA9AFB2D8E205B00D8B37B;
					};
					4FEA9B162D8E205D00D8B37B = {
						CreatedOnToolsVersion = 16.2;
						TestTargetID = 4FEA9AFB2D8E205B00D8B37B;
					};
				};
			};
			buildConfigurationList = 4FEA9AF72D8E205B00D8B37B /* Build configuration list for PBXProject "Bit" */;
			developmentRegion = en;
			hasScannedForEncodings = 0;
			knownRegions = (
				en,
				Base,
			);
			mainGroup = 4FEA9AF32D8E205B00D8B37B;
			minimizedProjectReferenceProxies = 1;
			preferredProjectObjectVersion = 77;
			productRefGroup = 4FEA9AFD2D8E205B00D8B37B /* Products */;
			projectDirPath = "";
			projectRoot = "";
			targets = (
				4FEA9AFB2D8E205B00D8B37B /* Bit */,
				4FEA9B0C2D8E205D00D8B37B /* CosmosTests */,
				4FEA9B162D8E205D00D8B37B /* CosmosUITests */,
				4F95C6522DA30C7F00839484 /* StudyTimerWidgetExtensionExtension */,
			);
		};
/* End PBXProject section */

/* Begin PBXResourcesBuildPhase section */
		4F95C6512DA30C7F00839484 /* Resources */ = {
			isa = PBXResourcesBuildPhase;
			buildActionMask = 2147483647;
			files = (
			);
			runOnlyForDeploymentPostprocessing = 0;
		};
		4FEA9AFA2D8E205B00D8B37B /* Resources */ = {
			isa = PBXResourcesBuildPhase;
			buildActionMask = 2147483647;
			files = (
			);
			runOnlyForDeploymentPostprocessing = 0;
		};
		4FEA9B0B2D8E205D00D8B37B /* Resources */ = {
			isa = PBXResourcesBuildPhase;
			buildActionMask = 2147483647;
			files = (
			);
			runOnlyForDeploymentPostprocessing = 0;
		};
		4FEA9B152D8E205D00D8B37B /* Resources */ = {
			isa = PBXResourcesBuildPhase;
			buildActionMask = 2147483647;
			files = (
			);
			runOnlyForDeploymentPostprocessing = 0;
		};
/* End PBXResourcesBuildPhase section */

/* Begin PBXSourcesBuildPhase section */
		4F95C64F2DA30C7F00839484 /* Sources */ = {
			isa = PBXSourcesBuildPhase;
			buildActionMask = 2147483647;
			files = (
			);
			runOnlyForDeploymentPostprocessing = 0;
		};
		4FEA9AF82D8E205B00D8B37B /* Sources */ = {
			isa = PBXSourcesBuildPhase;
			buildActionMask = 2147483647;
			files = (
				4F95C6792DA316B100839484 /* Bit.entitlements in Sources */,
			);
			runOnlyForDeploymentPostprocessing = 0;
		};
		4FEA9B092D8E205D00D8B37B /* Sources */ = {
			isa = PBXSourcesBuildPhase;
			buildActionMask = 2147483647;
			files = (
			);
			runOnlyForDeploymentPostprocessing = 0;
		};
		4FEA9B132D8E205D00D8B37B /* Sources */ = {
			isa = PBXSourcesBuildPhase;
			buildActionMask = 2147483647;
			files = (
			);
			runOnlyForDeploymentPostprocessing = 0;
		};
/* End PBXSourcesBuildPhase section */

/* Begin PBXTargetDependency section */
		4F95C6682DA30C8100839484 /* PBXTargetDependency */ = {
			isa = PBXTargetDependency;
			target = 4F95C6522DA30C7F00839484 /* StudyTimerWidgetExtensionExtension */;
			targetProxy = 4F95C6672DA30C8100839484 /* PBXContainerItemProxy */;
		};
		4FEA9B0F2D8E205D00D8B37B /* PBXTargetDependency */ = {
			isa = PBXTargetDependency;
			target = 4FEA9AFB2D8E205B00D8B37B /* Bit */;
			targetProxy = 4FEA9B0E2D8E205D00D8B37B /* PBXContainerItemProxy */;
		};
		4FEA9B192D8E205D00D8B37B /* PBXTargetDependency */ = {
			isa = PBXTargetDependency;
			target = 4FEA9AFB2D8E205B00D8B37B /* Bit */;
			targetProxy = 4FEA9B182D8E205D00D8B37B /* PBXContainerItemProxy */;
		};
/* End PBXTargetDependency section */

/* Begin XCBuildConfiguration section */
		4F95C66B2DA30C8100839484 /* Debug */ = {
			isa = XCBuildConfiguration;
			buildSettings = {
				ASSETCATALOG_COMPILER_GLOBAL_ACCENT_COLOR_NAME = AccentColor;
				ASSETCATALOG_COMPILER_WIDGET_BACKGROUND_COLOR_NAME = WidgetBackground;
				CODE_SIGN_ENTITLEMENTS = StudyTimerWidgetExtensionExtension.entitlements;
				CODE_SIGN_STYLE = Automatic;
				CURRENT_PROJECT_VERSION = 1;
				DEVELOPMENT_TEAM = T2QU3K3AV8;
				GENERATE_INFOPLIST_FILE = YES;
				INFOPLIST_FILE = StudyTimerWidgetExtension/Info.plist;
				INFOPLIST_KEY_CFBundleDisplayName = StudyTimerWidgetExtension;
				INFOPLIST_KEY_NSHumanReadableCopyright = "";
				IPHONEOS_DEPLOYMENT_TARGET = 18.2;
				LD_RUNPATH_SEARCH_PATHS = (
					"$(inherited)",
					"@executable_path/Frameworks",
					"@executable_path/../../Frameworks",
				);
				MARKETING_VERSION = 1.0;
				PRODUCT_BUNDLE_IDENTIFIER = "com.jameswilliams.Bit-.StudyTimerWidgetExtension";
				PRODUCT_NAME = "$(TARGET_NAME)";
				SDKROOT = iphoneos;
				SKIP_INSTALL = YES;
				SWIFT_EMIT_LOC_STRINGS = YES;
				SWIFT_VERSION = 5.0;
				TARGETED_DEVICE_FAMILY = "1,2";
			};
			name = Debug;
		};
		4F95C66C2DA30C8100839484 /* Release */ = {
			isa = XCBuildConfiguration;
			buildSettings = {
				ASSETCATALOG_COMPILER_GLOBAL_ACCENT_COLOR_NAME = AccentColor;
				ASSETCATALOG_COMPILER_WIDGET_BACKGROUND_COLOR_NAME = WidgetBackground;
				CODE_SIGN_ENTITLEMENTS = StudyTimerWidgetExtensionExtension.entitlements;
				CODE_SIGN_STYLE = Automatic;
				CURRENT_PROJECT_VERSION = 1;
				DEVELOPMENT_TEAM = T2QU3K3AV8;
				GENERATE_INFOPLIST_FILE = YES;
				INFOPLIST_FILE = StudyTimerWidgetExtension/Info.plist;
				INFOPLIST_KEY_CFBundleDisplayName = StudyTimerWidgetExtension;
				INFOPLIST_KEY_NSHumanReadableCopyright = "";
				IPHONEOS_DEPLOYMENT_TARGET = 18.2;
				LD_RUNPATH_SEARCH_PATHS = (
					"$(inherited)",
					"@executable_path/Frameworks",
					"@executable_path/../../Frameworks",
				);
				MARKETING_VERSION = 1.0;
				PRODUCT_BUNDLE_IDENTIFIER = "com.jameswilliams.Bit-.StudyTimerWidgetExtension";
				PRODUCT_NAME = "$(TARGET_NAME)";
				SDKROOT = iphoneos;
				SKIP_INSTALL = YES;
				SWIFT_EMIT_LOC_STRINGS = YES;
				SWIFT_VERSION = 5.0;
				TARGETED_DEVICE_FAMILY = "1,2";
				VALIDATE_PRODUCT = YES;
			};
			name = Release;
		};
		4FEA9B1F2D8E205D00D8B37B /* Debug */ = {
			isa = XCBuildConfiguration;
			buildSettings = {
				ALWAYS_SEARCH_USER_PATHS = NO;
				ASSETCATALOG_COMPILER_GENERATE_SWIFT_ASSET_SYMBOL_EXTENSIONS = YES;
				CLANG_ANALYZER_NONNULL = YES;
				CLANG_ANALYZER_NUMBER_OBJECT_CONVERSION = YES_AGGRESSIVE;
				CLANG_CXX_LANGUAGE_STANDARD = "gnu++20";
				CLANG_ENABLE_MODULES = YES;
				CLANG_ENABLE_OBJC_ARC = YES;
				CLANG_ENABLE_OBJC_WEAK = YES;
				CLANG_WARN_BLOCK_CAPTURE_AUTORELEASING = YES;
				CLANG_WARN_BOOL_CONVERSION = YES;
				CLANG_WARN_COMMA = YES;
				CLANG_WARN_CONSTANT_CONVERSION = YES;
				CLANG_WARN_DEPRECATED_OBJC_IMPLEMENTATIONS = YES;
				CLANG_WARN_DIRECT_OBJC_ISA_USAGE = YES_ERROR;
				CLANG_WARN_DOCUMENTATION_COMMENTS = YES;
				CLANG_WARN_EMPTY_BODY = YES;
				CLANG_WARN_ENUM_CONVERSION = YES;
				CLANG_WARN_INFINITE_RECURSION = YES;
				CLANG_WARN_INT_CONVERSION = YES;
				CLANG_WARN_NON_LITERAL_NULL_CONVERSION = YES;
				CLANG_WARN_OBJC_IMPLICIT_RETAIN_SELF = YES;
				CLANG_WARN_OBJC_LITERAL_CONVERSION = YES;
				CLANG_WARN_OBJC_ROOT_CLASS = YES_ERROR;
				CLANG_WARN_QUOTED_INCLUDE_IN_FRAMEWORK_HEADER = YES;
				CLANG_WARN_RANGE_LOOP_ANALYSIS = YES;
				CLANG_WARN_STRICT_PROTOTYPES = YES;
				CLANG_WARN_SUSPICIOUS_MOVE = YES;
				CLANG_WARN_UNGUARDED_AVAILABILITY = YES_AGGRESSIVE;
				CLANG_WARN_UNREACHABLE_CODE = YES;
				CLANG_WARN__DUPLICATE_METHOD_MATCH = YES;
				COPY_PHASE_STRIP = NO;
				DEBUG_INFORMATION_FORMAT = dwarf;
				ENABLE_STRICT_OBJC_MSGSEND = YES;
				ENABLE_TESTABILITY = YES;
				ENABLE_USER_SCRIPT_SANDBOXING = YES;
				GCC_C_LANGUAGE_STANDARD = gnu17;
				GCC_DYNAMIC_NO_PIC = NO;
				GCC_NO_COMMON_BLOCKS = YES;
				GCC_OPTIMIZATION_LEVEL = 0;
				GCC_PREPROCESSOR_DEFINITIONS = (
					"DEBUG=1",
					"$(inherited)",
				);
				GCC_WARN_64_TO_32_BIT_CONVERSION = YES;
				GCC_WARN_ABOUT_RETURN_TYPE = YES_ERROR;
				GCC_WARN_UNDECLARED_SELECTOR = YES;
				GCC_WARN_UNINITIALIZED_AUTOS = YES_AGGRESSIVE;
				GCC_WARN_UNUSED_FUNCTION = YES;
				GCC_WARN_UNUSED_VARIABLE = YES;
				LOCALIZATION_PREFERS_STRING_CATALOGS = YES;
				MTL_ENABLE_DEBUG_INFO = INCLUDE_SOURCE;
				MTL_FAST_MATH = YES;
				ONLY_ACTIVE_ARCH = YES;
				SWIFT_ACTIVE_COMPILATION_CONDITIONS = "DEBUG $(inherited)";
				SWIFT_OPTIMIZATION_LEVEL = "-Onone";
			};
			name = Debug;
		};
		4FEA9B202D8E205D00D8B37B /* Release */ = {
			isa = XCBuildConfiguration;
			buildSettings = {
				ALWAYS_SEARCH_USER_PATHS = NO;
				ASSETCATALOG_COMPILER_GENERATE_SWIFT_ASSET_SYMBOL_EXTENSIONS = YES;
				CLANG_ANALYZER_NONNULL = YES;
				CLANG_ANALYZER_NUMBER_OBJECT_CONVERSION = YES_AGGRESSIVE;
				CLANG_CXX_LANGUAGE_STANDARD = "gnu++20";
				CLANG_ENABLE_MODULES = YES;
				CLANG_ENABLE_OBJC_ARC = YES;
				CLANG_ENABLE_OBJC_WEAK = YES;
				CLANG_WARN_BLOCK_CAPTURE_AUTORELEASING = YES;
				CLANG_WARN_BOOL_CONVERSION = YES;
				CLANG_WARN_COMMA = YES;
				CLANG_WARN_CONSTANT_CONVERSION = YES;
				CLANG_WARN_DEPRECATED_OBJC_IMPLEMENTATIONS = YES;
				CLANG_WARN_DIRECT_OBJC_ISA_USAGE = YES_ERROR;
				CLANG_WARN_DOCUMENTATION_COMMENTS = YES;
				CLANG_WARN_EMPTY_BODY = YES;
				CLANG_WARN_ENUM_CONVERSION = YES;
				CLANG_WARN_INFINITE_RECURSION = YES;
				CLANG_WARN_INT_CONVERSION = YES;
				CLANG_WARN_NON_LITERAL_NULL_CONVERSION = YES;
				CLANG_WARN_OBJC_IMPLICIT_RETAIN_SELF = YES;
				CLANG_WARN_OBJC_LITERAL_CONVERSION = YES;
				CLANG_WARN_OBJC_ROOT_CLASS = YES_ERROR;
				CLANG_WARN_QUOTED_INCLUDE_IN_FRAMEWORK_HEADER = YES;
				CLANG_WARN_RANGE_LOOP_ANALYSIS = YES;
				CLANG_WARN_STRICT_PROTOTYPES = YES;
				CLANG_WARN_SUSPICIOUS_MOVE = YES;
				CLANG_WARN_UNGUARDED_AVAILABILITY = YES_AGGRESSIVE;
				CLANG_WARN_UNREACHABLE_CODE = YES;
				CLANG_WARN__DUPLICATE_METHOD_MATCH = YES;
				COPY_PHASE_STRIP = NO;
				DEBUG_INFORMATION_FORMAT = "dwarf-with-dsym";
				ENABLE_NS_ASSERTIONS = NO;
				ENABLE_STRICT_OBJC_MSGSEND = YES;
				ENABLE_USER_SCRIPT_SANDBOXING = YES;
				GCC_C_LANGUAGE_STANDARD = gnu17;
				GCC_NO_COMMON_BLOCKS = YES;
				GCC_WARN_64_TO_32_BIT_CONVERSION = YES;
				GCC_WARN_ABOUT_RETURN_TYPE = YES_ERROR;
				GCC_WARN_UNDECLARED_SELECTOR = YES;
				GCC_WARN_UNINITIALIZED_AUTOS = YES_AGGRESSIVE;
				GCC_WARN_UNUSED_FUNCTION = YES;
				GCC_WARN_UNUSED_VARIABLE = YES;
				LOCALIZATION_PREFERS_STRING_CATALOGS = YES;
				MTL_ENABLE_DEBUG_INFO = NO;
				MTL_FAST_MATH = YES;
				SWIFT_COMPILATION_MODE = wholemodule;
			};
			name = Release;
		};
		4FEA9B222D8E205D00D8B37B /* Debug */ = {
			isa = XCBuildConfiguration;
			buildSettings = {
				ASSETCATALOG_COMPILER_APPICON_NAME = AppIcon;
				ASSETCATALOG_COMPILER_GLOBAL_ACCENT_COLOR_NAME = AccentColor;
				CODE_SIGN_ENTITLEMENTS = Bit/Bit.entitlements;
				CODE_SIGN_STYLE = Automatic;
				CURRENT_PROJECT_VERSION = 1;
				DEVELOPMENT_ASSET_PATHS = "\"Bit/Preview Content\"";
				DEVELOPMENT_TEAM = T2QU3K3AV8;
				ENABLE_HARDENED_RUNTIME = YES;
				ENABLE_PREVIEWS = YES;
				GENERATE_INFOPLIST_FILE = YES;
				INFOPLIST_FILE = Bit/Info.plist;
				INFOPLIST_KEY_NSSupportsLiveActivities = YES;
				"INFOPLIST_KEY_UIApplicationSceneManifest_Generation[sdk=iphoneos*]" = YES;
				"INFOPLIST_KEY_UIApplicationSceneManifest_Generation[sdk=iphonesimulator*]" = YES;
				"INFOPLIST_KEY_UIApplicationSupportsIndirectInputEvents[sdk=iphoneos*]" = YES;
				"INFOPLIST_KEY_UIApplicationSupportsIndirectInputEvents[sdk=iphonesimulator*]" = YES;
				"INFOPLIST_KEY_UILaunchScreen_Generation[sdk=iphoneos*]" = YES;
				"INFOPLIST_KEY_UILaunchScreen_Generation[sdk=iphonesimulator*]" = YES;
				"INFOPLIST_KEY_UIStatusBarStyle[sdk=iphoneos*]" = UIStatusBarStyleDefault;
				"INFOPLIST_KEY_UIStatusBarStyle[sdk=iphonesimulator*]" = UIStatusBarStyleDefault;
				INFOPLIST_KEY_UISupportedInterfaceOrientations_iPad = "UIInterfaceOrientationPortrait UIInterfaceOrientationPortraitUpsideDown UIInterfaceOrientationLandscapeLeft UIInterfaceOrientationLandscapeRight";
				INFOPLIST_KEY_UISupportedInterfaceOrientations_iPhone = "UIInterfaceOrientationPortrait UIInterfaceOrientationLandscapeLeft UIInterfaceOrientationLandscapeRight";
				IPHONEOS_DEPLOYMENT_TARGET = 16.6;
				LD_RUNPATH_SEARCH_PATHS = "@executable_path/Frameworks";
				"LD_RUNPATH_SEARCH_PATHS[sdk=macosx*]" = "@executable_path/../Frameworks";
				MACOSX_DEPLOYMENT_TARGET = 15.2;
				MARKETING_VERSION = 1.0.0;
				PRODUCT_BUNDLE_IDENTIFIER = "com.jameswilliams.Bit-";
				PRODUCT_NAME = "$(TARGET_NAME)";
				SDKROOT = auto;
				SUPPORTED_PLATFORMS = "iphoneos iphonesimulator";
				SUPPORTS_MACCATALYST = NO;
				SWIFT_EMIT_LOC_STRINGS = YES;
				SWIFT_VERSION = 5.0;
				TARGETED_DEVICE_FAMILY = 1;
				XROS_DEPLOYMENT_TARGET = 2.2;
			};
			name = Debug;
		};
		4FEA9B232D8E205D00D8B37B /* Release */ = {
			isa = XCBuildConfiguration;
			buildSettings = {
				ASSETCATALOG_COMPILER_APPICON_NAME = AppIcon;
				ASSETCATALOG_COMPILER_GLOBAL_ACCENT_COLOR_NAME = AccentColor;
				CODE_SIGN_ENTITLEMENTS = Bit/Bit.entitlements;
				CODE_SIGN_STYLE = Automatic;
				CURRENT_PROJECT_VERSION = 1;
				DEVELOPMENT_ASSET_PATHS = "\"Bit/Preview Content\"";
				DEVELOPMENT_TEAM = T2QU3K3AV8;
				ENABLE_HARDENED_RUNTIME = YES;
				ENABLE_PREVIEWS = YES;
				GENERATE_INFOPLIST_FILE = YES;
				INFOPLIST_FILE = Bit/Info.plist;
				INFOPLIST_KEY_NSSupportsLiveActivities = YES;
				"INFOPLIST_KEY_UIApplicationSceneManifest_Generation[sdk=iphoneos*]" = YES;
				"INFOPLIST_KEY_UIApplicationSceneManifest_Generation[sdk=iphonesimulator*]" = YES;
				"INFOPLIST_KEY_UIApplicationSupportsIndirectInputEvents[sdk=iphoneos*]" = YES;
				"INFOPLIST_KEY_UIApplicationSupportsIndirectInputEvents[sdk=iphonesimulator*]" = YES;
				"INFOPLIST_KEY_UILaunchScreen_Generation[sdk=iphoneos*]" = YES;
				"INFOPLIST_KEY_UILaunchScreen_Generation[sdk=iphonesimulator*]" = YES;
				"INFOPLIST_KEY_UIStatusBarStyle[sdk=iphoneos*]" = UIStatusBarStyleDefault;
				"INFOPLIST_KEY_UIStatusBarStyle[sdk=iphonesimulator*]" = UIStatusBarStyleDefault;
				INFOPLIST_KEY_UISupportedInterfaceOrientations_iPad = "UIInterfaceOrientationPortrait UIInterfaceOrientationPortraitUpsideDown UIInterfaceOrientationLandscapeLeft UIInterfaceOrientationLandscapeRight";
				INFOPLIST_KEY_UISupportedInterfaceOrientations_iPhone = "UIInterfaceOrientationPortrait UIInterfaceOrientationLandscapeLeft UIInterfaceOrientationLandscapeRight";
				IPHONEOS_DEPLOYMENT_TARGET = 16.6;
				LD_RUNPATH_SEARCH_PATHS = "@executable_path/Frameworks";
				"LD_RUNPATH_SEARCH_PATHS[sdk=macosx*]" = "@executable_path/../Frameworks";
				MACOSX_DEPLOYMENT_TARGET = 15.2;
				MARKETING_VERSION = 1.0.0;
				PRODUCT_BUNDLE_IDENTIFIER = "com.jameswilliams.Bit-";
				PRODUCT_NAME = "$(TARGET_NAME)";
				SDKROOT = auto;
				SUPPORTED_PLATFORMS = "iphoneos iphonesimulator";
				SUPPORTS_MACCATALYST = NO;
				SWIFT_EMIT_LOC_STRINGS = YES;
				SWIFT_VERSION = 5.0;
				TARGETED_DEVICE_FAMILY = 1;
				XROS_DEPLOYMENT_TARGET = 2.2;
			};
			name = Release;
		};
		4FEA9B252D8E205D00D8B37B /* Debug */ = {
			isa = XCBuildConfiguration;
			buildSettings = {
				BUNDLE_LOADER = "$(TEST_HOST)";
				CODE_SIGN_STYLE = Automatic;
				CURRENT_PROJECT_VERSION = 1;
				DEVELOPMENT_TEAM = T2QU3K3AV8;
				GENERATE_INFOPLIST_FILE = YES;
				IPHONEOS_DEPLOYMENT_TARGET = 18.2;
				MACOSX_DEPLOYMENT_TARGET = 15.2;
				MARKETING_VERSION = 1.0;
				PRODUCT_BUNDLE_IDENTIFIER = Cosmos.CosmosTests;
				PRODUCT_NAME = "$(TARGET_NAME)";
				SDKROOT = auto;
				SUPPORTED_PLATFORMS = "iphoneos iphonesimulator macosx xros xrsimulator";
				SWIFT_EMIT_LOC_STRINGS = NO;
				SWIFT_VERSION = 5.0;
				TARGETED_DEVICE_FAMILY = "1,2,7";
				TEST_HOST = "$(BUILT_PRODUCTS_DIR)/Cosmos.app/$(BUNDLE_EXECUTABLE_FOLDER_PATH)/Cosmos";
				XROS_DEPLOYMENT_TARGET = 2.2;
			};
			name = Debug;
		};
		4FEA9B262D8E205D00D8B37B /* Release */ = {
			isa = XCBuildConfiguration;
			buildSettings = {
				BUNDLE_LOADER = "$(TEST_HOST)";
				CODE_SIGN_STYLE = Automatic;
				CURRENT_PROJECT_VERSION = 1;
				DEVELOPMENT_TEAM = T2QU3K3AV8;
				GENERATE_INFOPLIST_FILE = YES;
				IPHONEOS_DEPLOYMENT_TARGET = 18.2;
				MACOSX_DEPLOYMENT_TARGET = 15.2;
				MARKETING_VERSION = 1.0;
				PRODUCT_BUNDLE_IDENTIFIER = Cosmos.CosmosTests;
				PRODUCT_NAME = "$(TARGET_NAME)";
				SDKROOT = auto;
				SUPPORTED_PLATFORMS = "iphoneos iphonesimulator macosx xros xrsimulator";
				SWIFT_EMIT_LOC_STRINGS = NO;
				SWIFT_VERSION = 5.0;
				TARGETED_DEVICE_FAMILY = "1,2,7";
				TEST_HOST = "$(BUILT_PRODUCTS_DIR)/Cosmos.app/$(BUNDLE_EXECUTABLE_FOLDER_PATH)/Cosmos";
				XROS_DEPLOYMENT_TARGET = 2.2;
			};
			name = Release;
		};
		4FEA9B282D8E205D00D8B37B /* Debug */ = {
			isa = XCBuildConfiguration;
			buildSettings = {
				CODE_SIGN_STYLE = Automatic;
				CURRENT_PROJECT_VERSION = 1;
				DEVELOPMENT_TEAM = T2QU3K3AV8;
				GENERATE_INFOPLIST_FILE = YES;
				IPHONEOS_DEPLOYMENT_TARGET = 18.2;
				MACOSX_DEPLOYMENT_TARGET = 15.2;
				MARKETING_VERSION = 1.0;
				PRODUCT_BUNDLE_IDENTIFIER = Cosmos.CosmosUITests;
				PRODUCT_NAME = "$(TARGET_NAME)";
				SDKROOT = auto;
				SUPPORTED_PLATFORMS = "iphoneos iphonesimulator macosx xros xrsimulator";
				SWIFT_EMIT_LOC_STRINGS = NO;
				SWIFT_VERSION = 5.0;
				TARGETED_DEVICE_FAMILY = "1,2,7";
				TEST_TARGET_NAME = Cosmos;
				XROS_DEPLOYMENT_TARGET = 2.2;
			};
			name = Debug;
		};
		4FEA9B292D8E205D00D8B37B /* Release */ = {
			isa = XCBuildConfiguration;
			buildSettings = {
				CODE_SIGN_STYLE = Automatic;
				CURRENT_PROJECT_VERSION = 1;
				DEVELOPMENT_TEAM = T2QU3K3AV8;
				GENERATE_INFOPLIST_FILE = YES;
				IPHONEOS_DEPLOYMENT_TARGET = 18.2;
				MACOSX_DEPLOYMENT_TARGET = 15.2;
				MARKETING_VERSION = 1.0;
				PRODUCT_BUNDLE_IDENTIFIER = Cosmos.CosmosUITests;
				PRODUCT_NAME = "$(TARGET_NAME)";
				SDKROOT = auto;
				SUPPORTED_PLATFORMS = "iphoneos iphonesimulator macosx xros xrsimulator";
				SWIFT_EMIT_LOC_STRINGS = NO;
				SWIFT_VERSION = 5.0;
				TARGETED_DEVICE_FAMILY = "1,2,7";
				TEST_TARGET_NAME = Cosmos;
				XROS_DEPLOYMENT_TARGET = 2.2;
			};
			name = Release;
		};
/* End XCBuildConfiguration section */

/* Begin XCConfigurationList section */
		4F95C66D2DA30C8100839484 /* Build configuration list for PBXNativeTarget "StudyTimerWidgetExtensionExtension" */ = {
			isa = XCConfigurationList;
			buildConfigurations = (
				4F95C66B2DA30C8100839484 /* Debug */,
				4F95C66C2DA30C8100839484 /* Release */,
			);
			defaultConfigurationIsVisible = 0;
			defaultConfigurationName = Release;
		};
		4FEA9AF72D8E205B00D8B37B /* Build configuration list for PBXProject "Bit" */ = {
			isa = XCConfigurationList;
			buildConfigurations = (
				4FEA9B1F2D8E205D00D8B37B /* Debug */,
				4FEA9B202D8E205D00D8B37B /* Release */,
			);
			defaultConfigurationIsVisible = 0;
			defaultConfigurationName = Release;
		};
		4FEA9B212D8E205D00D8B37B /* Build configuration list for PBXNativeTarget "Bit" */ = {
			isa = XCConfigurationList;
			buildConfigurations = (
				4FEA9B222D8E205D00D8B37B /* Debug */,
				4FEA9B232D8E205D00D8B37B /* Release */,
			);
			defaultConfigurationIsVisible = 0;
			defaultConfigurationName = Release;
		};
		4FEA9B242D8E205D00D8B37B /* Build configuration list for PBXNativeTarget "CosmosTests" */ = {
			isa = XCConfigurationList;
			buildConfigurations = (
				4FEA9B252D8E205D00D8B37B /* Debug */,
				4FEA9B262D8E205D00D8B37B /* Release */,
			);
			defaultConfigurationIsVisible = 0;
			defaultConfigurationName = Release;
		};
		4FEA9B272D8E205D00D8B37B /* Build configuration list for PBXNativeTarget "CosmosUITests" */ = {
			isa = XCConfigurationList;
			buildConfigurations = (
				4FEA9B282D8E205D00D8B37B /* Debug */,
				4FEA9B292D8E205D00D8B37B /* Release */,
			);
			defaultConfigurationIsVisible = 0;
			defaultConfigurationName = Release;
		};
/* End XCConfigurationList section */
	};
	rootObject = 4FEA9AF42D8E205B00D8B37B /* Project object */;
}
